
Microsoft Visual Studio Solution File, Format Version 12.00
# Visual Studio Version 16
VisualStudioVersion = 16.0.31624.102
MinimumVisualStudioVersion = 10.0.40219.1
Project("{FAE04EC0-301F-11D3-BF4B-00C04F79EFBC}") = "EventCallBackExample.Server", "Server\EventCallBackExample.Server.csproj", "{F6A3D123-8DEA-4309-BEFE-9F5E9E5AE20E}"
EndProject
Project("{FAE04EC0-301F-11D3-BF4B-00C04F79EFBC}") = "EventCallBackExample.Client", "Client\EventCallBackExample.Client.csproj", "{B3CCBA20-746F-44A4-8493-F7D700EEBDA3}"
EndProject
Project("{FAE04EC0-301F-11D3-BF4B-00C04F79EFBC}") = "EventCallBackExample.Shared", "Shared\EventCallBackExample.Shared.csproj", "{F76AD49D-CD78-49D8-816E-FCD5E1D09F6D}"
EndProject
Global
	GlobalSection(SolutionConfigurationPlatforms) = preSolution
		Debug|Any CPU = Debug|Any CPU
		Release|Any CPU = Release|Any CPU
	EndGlobalSection
	GlobalSection(ProjectConfigurationPlatforms) = postSolution
		{F6A3D123-8DEA-4309-BEFE-9F5E9E5AE20E}.Debug|Any CPU.ActiveCfg = Debug|Any CPU
		{F6A3D123-8DEA-4309-BEFE-9F5E9E5AE20E}.Debug|Any CPU.Build.0 = Debug|Any CPU
		{F6A3D123-8DEA-4309-BEFE-9F5E9E5AE20E}.Release|Any CPU.ActiveCfg = Release|Any CPU
		{F6A3D123-8DEA-4309-BEFE-9F5E9E5AE20E}.Release|Any CPU.Build.0 = Release|Any CPU
		{B3CCBA20-746F-44A4-8493-F7D700EEBDA3}.Debug|Any CPU.ActiveCfg = Debug|Any CPU
		{B3CCBA20-746F-44A4-8493-F7D700EEBDA3}.Debug|Any CPU.Build.0 = Debug|Any CPU
		{B3CCBA20-746F-44A4-8493-F7D700EEBDA3}.Release|Any CPU.ActiveCfg = Release|Any CPU
		{B3CCBA20-746F-44A4-8493-F7D700EEBDA3}.Release|Any CPU.Build.0 = Release|Any CPU
		{F76AD49D-CD78-49D8-816E-FCD5E1D09F6D}.Debug|Any CPU.ActiveCfg = Debug|Any CPU
		{F76AD49D-CD78-49D8-816E-FCD5E1D09F6D}.Debug|Any CPU.Build.0 = Debug|Any CPU
		{F76AD49D-CD78-49D8-816E-FCD5E1D09F6D}.Release|Any CPU.ActiveCfg = Release|Any CPU
		{F76AD49D-CD78-49D8-816E-FCD5E1D09F6D}.Release|Any CPU.Build.0 = Release|Any CPU
	EndGlobalSection
	GlobalSection(SolutionProperties) = preSolution
		HideSolutionNode = FALSE
	EndGlobalSection
	GlobalSection(ExtensibilityGlobals) = postSolution
		SolutionGuid = {4B724FFB-A8B6-4C3F-9FCD-EB75407A71BF}
	EndGlobalSection
EndGlobal
